
Microsoft Visual Studio Solution File, Format Version 12.00
Project("{FAE04EC0-301F-11D3-BF4B-00C04F79EFBC}") = "volvoTest", "volvoTest.csproj", "{BBC3FDD4-EE9F-47E2-901E-F1DACC3CAAD8}"
EndProject
Global
	GlobalSection(SolutionConfigurationPlatforms) = preSolution
		Debug|Any CPU = Debug|Any CPU
		Release|Any CPU = Release|Any CPU
	EndGlobalSection
	GlobalSection(ProjectConfigurationPlatforms) = postSolution
		{BBC3FDD4-EE9F-47E2-901E-F1DACC3CAAD8}.Debug|Any CPU.ActiveCfg = Debug|Any CPU
		{BBC3FDD4-EE9F-47E2-901E-F1DACC3CAAD8}.Debug|Any CPU.Build.0 = Debug|Any CPU
		{BBC3FDD4-EE9F-47E2-901E-F1DACC3CAAD8}.Release|Any CPU.ActiveCfg = Release|Any CPU
		{BBC3FDD4-EE9F-47E2-901E-F1DACC3CAAD8}.Release|Any CPU.Build.0 = Release|Any CPU
	EndGlobalSection
EndGlobal
